
Microsoft Visual Studio Solution File, Format Version 12.00
# Visual Studio Version 16
VisualStudioVersion = 16.0.29519.87
MinimumVisualStudioVersion = 10.0.40219.1
Project("{2150E333-8FDC-42A3-9474-1A3956D46DE8}") = "0 - Diagrams", "0 - Diagrams", "{20F624D2-04BB-47CD-A594-D9D6979DD05E}"
	ProjectSection(SolutionItems) = preProject
		Arquitectura.dgml = Arquitectura.dgml
	EndProjectSection
EndProject
Project("{2150E333-8FDC-42A3-9474-1A3956D46DE8}") = "1 - Layers", "1 - Layers", "{7E64ADDD-9AE4-4D28-9484-47E055C804FA}"
EndProject
Project("{2150E333-8FDC-42A3-9474-1A3956D46DE8}") = "1.1 - Infrastructure", "1.1 - Infrastructure", "{5725EC7F-1F7E-4911-9074-963ACE05B875}"
EndProject
Project("{2150E333-8FDC-42A3-9474-1A3956D46DE8}") = "1.2 - Domain", "1.2 - Domain", "{86968267-A975-4D3F-BE8F-0DCFE0E632EB}"
EndProject
Project("{2150E333-8FDC-42A3-9474-1A3956D46DE8}") = "1.2.1 - SuperTypes", "1.2.1 - SuperTypes", "{DF4F9058-9659-426D-AD4F-D9F5B94138E6}"
EndProject
Project("{9A19103F-16F7-4668-BE54-9A1E7A4F7556}") = "KiraStudios.Domain.EntityBase", "KiraStudios.Domain.EntityBase\KiraStudios.Domain.EntityBase.csproj", "{DC882DAB-75D8-4E11-BC8A-0F3D33B1BACC}"
EndProject
Project("{2150E333-8FDC-42A3-9474-1A3956D46DE8}") = "1.2.2 - Model", "1.2.2 - Model", "{BC4FCFEB-D34E-48A8-B939-DBF9C27E2B45}"
EndProject
Project("{9A19103F-16F7-4668-BE54-9A1E7A4F7556}") = "KiraStudios.Domain.RepositoryBase", "KiraStudios.Domain.RepositoryBase\KiraStudios.Domain.RepositoryBase.csproj", "{B461ABB5-22B6-4593-BBBF-A5F36777A708}"
EndProject
Project("{2150E333-8FDC-42A3-9474-1A3956D46DE8}") = "1.2.3 - Repositories", "1.2.3 - Repositories", "{925DB771-74A2-4957-ACDD-DE4B7D4A1D70}"
EndProject
Project("{2150E333-8FDC-42A3-9474-1A3956D46DE8}") = "1.1.2 - Persistence", "1.1.2 - Persistence", "{70EEB64F-1148-47CE-A5BA-878BD0DAD1A2}"
EndProject
Project("{9A19103F-16F7-4668-BE54-9A1E7A4F7556}") = "KiraStudios.Infrastructure.Persistence", "KiraStudios.Infrastructure.Persistence\KiraStudios.Infrastructure.Persistence.csproj", "{1CD6237E-AF9A-4D4B-80B1-43E9C1388247}"
EndProject
Project("{2150E333-8FDC-42A3-9474-1A3956D46DE8}") = "1.1.3 - Repositories", "1.1.3 - Repositories", "{B94A6695-AF7D-48EB-9F3C-7D2E5AA270DB}"
EndProject
Project("{2150E333-8FDC-42A3-9474-1A3956D46DE8}") = "1.1.1 - SuperTypes", "1.1.1 - SuperTypes", "{2F36457D-6704-4756-8827-04D8ED7CB85A}"
EndProject
Project("{9A19103F-16F7-4668-BE54-9A1E7A4F7556}") = "KiraStudios.Infrastructure.RepositoryBase", "KiraStudios.Infrastructure.RepositoryBase\KiraStudios.Infrastructure.RepositoryBase.csproj", "{6E6C52C4-CEE2-4C5B-8290-C6BBA3F7E5DA}"
EndProject
Project("{2150E333-8FDC-42A3-9474-1A3956D46DE8}") = "1.3 - Application", "1.3 - Application", "{61C78B5D-09D1-4530-B811-D153E7CDBEC9}"
EndProject
Project("{2150E333-8FDC-42A3-9474-1A3956D46DE8}") = "1.4 - Distributed Services", "1.4 - Distributed Services", "{60EA7F66-F800-40EE-95F9-157D31EBE329}"
EndProject
Project("{2150E333-8FDC-42A3-9474-1A3956D46DE8}") = "1.5 - Presentation", "1.5 - Presentation", "{58741A00-514A-4D76-A6EE-905189D2DCA9}"
EndProject
Project("{2150E333-8FDC-42A3-9474-1A3956D46DE8}") = "1.6 - CrossCutting", "1.6 - CrossCutting", "{7E5CA627-E0E8-4E3C-800C-519D3FF3E6C3}"
EndProject
Project("{2150E333-8FDC-42A3-9474-1A3956D46DE8}") = "2 - Tests", "2 - Tests", "{7793BF09-4711-41D4-838D-69EE2CD8C4C7}"
EndProject
Project("{2150E333-8FDC-42A3-9474-1A3956D46DE8}") = "1.2.4 - Services", "1.2.4 - Services", "{6DD5283E-6CD7-492F-A1C4-5FB752ABA100}"
EndProject
Project("{9A19103F-16F7-4668-BE54-9A1E7A4F7556}") = "KiraStudios.Domain.ServiceBase", "KiraStudios.Domain.ServiceBase\KiraStudios.Domain.ServiceBase.csproj", "{35C47EAA-D7D6-4566-97D4-7DE27AF490EB}"
EndProject
Project("{9A19103F-16F7-4668-BE54-9A1E7A4F7556}") = "KiraStudios.Domain.IdentityRepository", "KiraStudios.Domain.IdentityRepository\KiraStudios.Domain.IdentityRepository.csproj", "{0B511202-ED15-42BB-8069-B627BA77A7CE}"
EndProject
Project("{9A19103F-16F7-4668-BE54-9A1E7A4F7556}") = "KiraStudios.Domain.UbicationRepository", "KiraStudios.Domain.UbicationRepository\KiraStudios.Domain.UbicationRepository.csproj", "{5DFFDFFA-BFF9-4661-BBA3-24004955CDFE}"
EndProject
Project("{9A19103F-16F7-4668-BE54-9A1E7A4F7556}") = "KiraStudios.Domain.TokenRepository", "KiraStudios.Domain.TokenRepository\KiraStudios.Domain.TokenRepository.csproj", "{2F1882DA-E8F6-4C9C-AE90-877A3C5D4B7A}"
EndProject
Project("{9A19103F-16F7-4668-BE54-9A1E7A4F7556}") = "KiraStudios.Domain.IdentityModel", "KiraStudios.Domain.IdentityModel\KiraStudios.Domain.IdentityModel.csproj", "{53B755D9-4046-40B1-9FE6-B0001F1C6732}"
EndProject
Project("{9A19103F-16F7-4668-BE54-9A1E7A4F7556}") = "KiraStudios.Domain.UbicationModel", "KiraStudios.Domain.UbicationModel\KiraStudios.Domain.UbicationModel.csproj", "{B79802AC-C8B9-4777-8D64-3F1C8898615F}"
EndProject
Project("{9A19103F-16F7-4668-BE54-9A1E7A4F7556}") = "KiraStudios.Domain.TokenModel", "KiraStudios.Domain.TokenModel\KiraStudios.Domain.TokenModel.csproj", "{E43F66D9-1CCA-4469-A267-A4790BB11CB5}"
EndProject
Project("{9A19103F-16F7-4668-BE54-9A1E7A4F7556}") = "KiraStudios.Infrestructure.IdentityRepository", "KiraStudios.Infrestructure.IdentityRepository\KiraStudios.Infrestructure.IdentityRepository.csproj", "{B6155C5D-3164-48A1-85D1-21A184A29DCD}"
EndProject
Project("{9A19103F-16F7-4668-BE54-9A1E7A4F7556}") = "KiraStudios.Infrastructure.UbicationRepository", "KiraStudios.Infrastructure.UbicationRepository\KiraStudios.Infrastructure.UbicationRepository.csproj", "{FFAA88EC-AE9C-46E6-B2FB-60FB9C2A5840}"
EndProject
Project("{9A19103F-16F7-4668-BE54-9A1E7A4F7556}") = "KiraStudios.Infrastructure.TokenRepository", "KiraStudios.Infrastructure.TokenRepository\KiraStudios.Infrastructure.TokenRepository.csproj", "{4EBE4712-7983-4AAD-BECB-3738BB80D87D}"
EndProject
Project("{2150E333-8FDC-42A3-9474-1A3956D46DE8}") = "1.3.1 - SuperTypes", "1.3.1 - SuperTypes", "{1B60A4EB-FA5F-4F70-BC3E-D05382AB8226}"
EndProject
Project("{2150E333-8FDC-42A3-9474-1A3956D46DE8}") = "1.3.2 - Services", "1.3.2 - Services", "{72061B69-BDAB-49DA-9438-5132C7B9F19D}"
EndProject
Project("{2150E333-8FDC-42A3-9474-1A3956D46DE8}") = "1.3.3 - ViewModels", "1.3.3 - ViewModels", "{42955032-F647-4835-8980-7B458125B35A}"
EndProject
Project("{2150E333-8FDC-42A3-9474-1A3956D46DE8}") = "1.3.4 - Adapters", "1.3.4 - Adapters", "{E21D9627-E7C2-4CEC-A20F-1FC447CA79CA}"
EndProject
Project("{9A19103F-16F7-4668-BE54-9A1E7A4F7556}") = "KiraStudios.Application.ServiceBase", "KiraStudios.Application.ServiceBase\KiraStudios.Application.ServiceBase.csproj", "{51A86309-62AB-405B-83CB-2F1F41B43C0B}"
EndProject
Project("{9A19103F-16F7-4668-BE54-9A1E7A4F7556}") = "KiraStudios.Application.ViewModelBase", "KiraStudios.Application.ViewModelBase\KiraStudios.Application.ViewModelBase.csproj", "{DCBF4BD0-8B7E-47EF-A2CA-2E1A2BE485CC}"
EndProject
Project("{9A19103F-16F7-4668-BE54-9A1E7A4F7556}") = "KiraStudios.Application.MapperBase", "KiraStudios.Application.MapperBase\KiraStudios.Application.MapperBase.csproj", "{AD4BCEF5-E64B-428D-846D-965A37B63F2C}"
EndProject
Project("{9A19103F-16F7-4668-BE54-9A1E7A4F7556}") = "KiraSudios.Application.IdentityViewModel", "KiraSudios.Application.IdentityViewModel\KiraSudios.Application.IdentityViewModel.csproj", "{A50D28F6-265A-425B-B015-85D3B347DDF4}"
EndProject
Project("{2150E333-8FDC-42A3-9474-1A3956D46DE8}") = "1.6.1 - Security", "1.6.1 - Security", "{EF16AED3-5AB8-48D3-A87D-B4FB9E14411F}"
EndProject
Project("{9A19103F-16F7-4668-BE54-9A1E7A4F7556}") = "KiraStudios.CrossCutting.Security", "KiraStudios.CrossCutting.Security\KiraStudios.CrossCutting.Security.csproj", "{53950B65-34B1-4AD5-98E6-90EFA59EC021}"
EndProject
Project("{9A19103F-16F7-4668-BE54-9A1E7A4F7556}") = "KiraStudios.Application.UbicationViewModel", "KiraStudios.Application.UbicationViewModel\KiraStudios.Application.UbicationViewModel.csproj", "{817D150A-B835-44B4-BE24-431722FD0767}"
EndProject
Project("{9A19103F-16F7-4668-BE54-9A1E7A4F7556}") = "KiraStudios.Application.TokenViewModel", "KiraStudios.Application.TokenViewModel\KiraStudios.Application.TokenViewModel.csproj", "{38ED49B9-6BD6-406A-BF2A-DC1378D71DE5}"
EndProject
Project("{2150E333-8FDC-42A3-9474-1A3956D46DE8}") = "1.3.2.1 - Contracts", "1.3.2.1 - Contracts", "{798281C3-736A-4E0C-980E-867D701EF2D7}"
EndProject
Project("{2150E333-8FDC-42A3-9474-1A3956D46DE8}") = "1.3.2.2 - Implementation", "1.3.2.2 - Implementation", "{CAA15C8E-66C4-43CD-94AA-DF62D735CBA7}"
EndProject
Project("{9A19103F-16F7-4668-BE54-9A1E7A4F7556}") = "KiraStudios.Application.Services.UbicationContracts", "KiraStudios.Application.Services.UbicationContracts\KiraStudios.Application.Services.UbicationContracts.csproj", "{6BEEDD71-3F03-4741-A6C4-8F7A012BA375}"
EndProject
Project("{9A19103F-16F7-4668-BE54-9A1E7A4F7556}") = "KiraStudios.Application.Services.IdentityContracts", "KiraStudios.Application.Services.IdentityContracts\KiraStudios.Application.Services.IdentityContracts.csproj", "{E34DEB23-1375-4F18-9FB0-C09AE21D3875}"
EndProject
Project("{9A19103F-16F7-4668-BE54-9A1E7A4F7556}") = "KiraStudios.Application.Services.TokenContracts", "KiraStudios.Application.Services.TokenContracts\KiraStudios.Application.Services.TokenContracts.csproj", "{37E25F9E-CE03-43D7-B9FA-CA033256E1A9}"
EndProject
Project("{9A19103F-16F7-4668-BE54-9A1E7A4F7556}") = "KiraStudios.Application.IdentityService", "KiraStudios.Application.IdentityService\KiraStudios.Application.IdentityService.csproj", "{C1D72930-F3A6-443E-816F-F1A2981213C0}"
EndProject
Project("{9A19103F-16F7-4668-BE54-9A1E7A4F7556}") = "KiraStudios.Application.UbicationService", "KiraStudios.Application.UbicationService\KiraStudios.Application.UbicationService.csproj", "{08A747F4-0765-4C98-B814-D7329DC4750A}"
EndProject
Project("{9A19103F-16F7-4668-BE54-9A1E7A4F7556}") = "KiraStudios.Application.TokenService", "KiraStudios.Application.TokenService\KiraStudios.Application.TokenService.csproj", "{493B6D64-AC24-483B-B95A-1BB529D1C3AD}"
EndProject
Project("{2150E333-8FDC-42A3-9474-1A3956D46DE8}") = "1.5.1 - Distributed Servives", "1.5.1 - Distributed Servives", "{F3A5BEEA-E025-4480-9568-43A5DB8B7D29}"
EndProject
Project("{9A19103F-16F7-4668-BE54-9A1E7A4F7556}") = "KiraSolution.Web.Services", "KiraSolution.Web.Services\KiraSolution.Web.Services.csproj", "{5B26E007-88AA-4C28-B4E8-2C696141B82A}"
EndProject
Project("{2150E333-8FDC-42A3-9474-1A3956D46DE8}") = "1.6.2 - Register", "1.6.2 - Register", "{23A94266-5043-45B1-B57C-6CFDAA2AE129}"
EndProject
Project("{9A19103F-16F7-4668-BE54-9A1E7A4F7556}") = "KiraStudios.CrossCutting.ServiceRegister", "KiraStudios.CrossCutting.ServiceRegister\KiraStudios.CrossCutting.ServiceRegister.csproj", "{98BA2360-0F86-4172-BBA4-0732DDB3BF97}"
EndProject
Project("{2150E333-8FDC-42A3-9474-1A3956D46DE8}") = "1.3.2.3 - Register", "1.3.2.3 - Register", "{96C753CD-E7FC-48F1-8EC0-00402C2F14A1}"
EndProject
Project("{9A19103F-16F7-4668-BE54-9A1E7A4F7556}") = "KiraStudios.Application.Services.Register", "KiraStudios.Application.Services.Register\KiraStudios.Application.Services.Register.csproj", "{C22A25D9-4C25-4B41-8BB2-15F90A3D3C33}"
EndProject
Project("{9A19103F-16F7-4668-BE54-9A1E7A4F7556}") = "KiraStudios.Infrastructure.Respositories.Register", "KiraStudios.Infrastructure.Respositories.Register\KiraStudios.Infrastructure.Respositories.Register.csproj", "{A06DEB7B-C47B-4FC7-9C44-8A64B6EC4571}"
EndProject
Project("{9A19103F-16F7-4668-BE54-9A1E7A4F7556}") = "KiraStudios.Application.Adapters", "KiraStudios.Application.Adapters\KiraStudios.Application.Adapters.csproj", "{020DAA9C-7BE2-4481-8640-A9D48318003A}"
EndProject
Project("{2150E333-8FDC-42A3-9474-1A3956D46DE8}") = "1.1.4 - Configuration", "1.1.4 - Configuration", "{82E9843F-88E8-4218-BC8F-2A4B936E58EC}"
EndProject
Project("{9A19103F-16F7-4668-BE54-9A1E7A4F7556}") = "KiraSolutions.Infrastructure.Configuration", "KiraSolutions.Infrastructure.Configuration\KiraSolutions.Infrastructure.Configuration.csproj", "{68391129-BEEA-4F2E-B71A-853C82BA7509}"
EndProject
Project("{9A19103F-16F7-4668-BE54-9A1E7A4F7556}") = "KiraStudios.Application.ResponseBase", "KiraStudios.Application.ResponseBase\KiraStudios.Application.ResponseBase.csproj", "{81074D09-39DA-4B12-8CA9-63AD21CE8927}"
EndProject
Global
	GlobalSection(SolutionConfigurationPlatforms) = preSolution
		Debug|Any CPU = Debug|Any CPU
		Release|Any CPU = Release|Any CPU
	EndGlobalSection
	GlobalSection(ProjectConfigurationPlatforms) = postSolution
		{DC882DAB-75D8-4E11-BC8A-0F3D33B1BACC}.Debug|Any CPU.ActiveCfg = Debug|Any CPU
		{DC882DAB-75D8-4E11-BC8A-0F3D33B1BACC}.Debug|Any CPU.Build.0 = Debug|Any CPU
		{DC882DAB-75D8-4E11-BC8A-0F3D33B1BACC}.Release|Any CPU.ActiveCfg = Release|Any CPU
		{DC882DAB-75D8-4E11-BC8A-0F3D33B1BACC}.Release|Any CPU.Build.0 = Release|Any CPU
		{B461ABB5-22B6-4593-BBBF-A5F36777A708}.Debug|Any CPU.ActiveCfg = Debug|Any CPU
		{B461ABB5-22B6-4593-BBBF-A5F36777A708}.Debug|Any CPU.Build.0 = Debug|Any CPU
		{B461ABB5-22B6-4593-BBBF-A5F36777A708}.Release|Any CPU.ActiveCfg = Release|Any CPU
		{B461ABB5-22B6-4593-BBBF-A5F36777A708}.Release|Any CPU.Build.0 = Release|Any CPU
		{1CD6237E-AF9A-4D4B-80B1-43E9C1388247}.Debug|Any CPU.ActiveCfg = Debug|Any CPU
		{1CD6237E-AF9A-4D4B-80B1-43E9C1388247}.Debug|Any CPU.Build.0 = Debug|Any CPU
		{1CD6237E-AF9A-4D4B-80B1-43E9C1388247}.Release|Any CPU.ActiveCfg = Release|Any CPU
		{1CD6237E-AF9A-4D4B-80B1-43E9C1388247}.Release|Any CPU.Build.0 = Release|Any CPU
		{6E6C52C4-CEE2-4C5B-8290-C6BBA3F7E5DA}.Debug|Any CPU.ActiveCfg = Debug|Any CPU
		{6E6C52C4-CEE2-4C5B-8290-C6BBA3F7E5DA}.Debug|Any CPU.Build.0 = Debug|Any CPU
		{6E6C52C4-CEE2-4C5B-8290-C6BBA3F7E5DA}.Release|Any CPU.ActiveCfg = Release|Any CPU
		{6E6C52C4-CEE2-4C5B-8290-C6BBA3F7E5DA}.Release|Any CPU.Build.0 = Release|Any CPU
		{35C47EAA-D7D6-4566-97D4-7DE27AF490EB}.Debug|Any CPU.ActiveCfg = Debug|Any CPU
		{35C47EAA-D7D6-4566-97D4-7DE27AF490EB}.Debug|Any CPU.Build.0 = Debug|Any CPU
		{35C47EAA-D7D6-4566-97D4-7DE27AF490EB}.Release|Any CPU.ActiveCfg = Release|Any CPU
		{35C47EAA-D7D6-4566-97D4-7DE27AF490EB}.Release|Any CPU.Build.0 = Release|Any CPU
		{0B511202-ED15-42BB-8069-B627BA77A7CE}.Debug|Any CPU.ActiveCfg = Debug|Any CPU
		{0B511202-ED15-42BB-8069-B627BA77A7CE}.Debug|Any CPU.Build.0 = Debug|Any CPU
		{0B511202-ED15-42BB-8069-B627BA77A7CE}.Release|Any CPU.ActiveCfg = Release|Any CPU
		{0B511202-ED15-42BB-8069-B627BA77A7CE}.Release|Any CPU.Build.0 = Release|Any CPU
		{5DFFDFFA-BFF9-4661-BBA3-24004955CDFE}.Debug|Any CPU.ActiveCfg = Debug|Any CPU
		{5DFFDFFA-BFF9-4661-BBA3-24004955CDFE}.Debug|Any CPU.Build.0 = Debug|Any CPU
		{5DFFDFFA-BFF9-4661-BBA3-24004955CDFE}.Release|Any CPU.ActiveCfg = Release|Any CPU
		{5DFFDFFA-BFF9-4661-BBA3-24004955CDFE}.Release|Any CPU.Build.0 = Release|Any CPU
		{2F1882DA-E8F6-4C9C-AE90-877A3C5D4B7A}.Debug|Any CPU.ActiveCfg = Debug|Any CPU
		{2F1882DA-E8F6-4C9C-AE90-877A3C5D4B7A}.Debug|Any CPU.Build.0 = Debug|Any CPU
		{2F1882DA-E8F6-4C9C-AE90-877A3C5D4B7A}.Release|Any CPU.ActiveCfg = Release|Any CPU
		{2F1882DA-E8F6-4C9C-AE90-877A3C5D4B7A}.Release|Any CPU.Build.0 = Release|Any CPU
		{53B755D9-4046-40B1-9FE6-B0001F1C6732}.Debug|Any CPU.ActiveCfg = Debug|Any CPU
		{53B755D9-4046-40B1-9FE6-B0001F1C6732}.Debug|Any CPU.Build.0 = Debug|Any CPU
		{53B755D9-4046-40B1-9FE6-B0001F1C6732}.Release|Any CPU.ActiveCfg = Release|Any CPU
		{53B755D9-4046-40B1-9FE6-B0001F1C6732}.Release|Any CPU.Build.0 = Release|Any CPU
		{B79802AC-C8B9-4777-8D64-3F1C8898615F}.Debug|Any CPU.ActiveCfg = Debug|Any CPU
		{B79802AC-C8B9-4777-8D64-3F1C8898615F}.Debug|Any CPU.Build.0 = Debug|Any CPU
		{B79802AC-C8B9-4777-8D64-3F1C8898615F}.Release|Any CPU.ActiveCfg = Release|Any CPU
		{B79802AC-C8B9-4777-8D64-3F1C8898615F}.Release|Any CPU.Build.0 = Release|Any CPU
		{E43F66D9-1CCA-4469-A267-A4790BB11CB5}.Debug|Any CPU.ActiveCfg = Debug|Any CPU
		{E43F66D9-1CCA-4469-A267-A4790BB11CB5}.Debug|Any CPU.Build.0 = Debug|Any CPU
		{E43F66D9-1CCA-4469-A267-A4790BB11CB5}.Release|Any CPU.ActiveCfg = Release|Any CPU
		{E43F66D9-1CCA-4469-A267-A4790BB11CB5}.Release|Any CPU.Build.0 = Release|Any CPU
		{B6155C5D-3164-48A1-85D1-21A184A29DCD}.Debug|Any CPU.ActiveCfg = Debug|Any CPU
		{B6155C5D-3164-48A1-85D1-21A184A29DCD}.Debug|Any CPU.Build.0 = Debug|Any CPU
		{B6155C5D-3164-48A1-85D1-21A184A29DCD}.Release|Any CPU.ActiveCfg = Release|Any CPU
		{B6155C5D-3164-48A1-85D1-21A184A29DCD}.Release|Any CPU.Build.0 = Release|Any CPU
		{FFAA88EC-AE9C-46E6-B2FB-60FB9C2A5840}.Debug|Any CPU.ActiveCfg = Debug|Any CPU
		{FFAA88EC-AE9C-46E6-B2FB-60FB9C2A5840}.Debug|Any CPU.Build.0 = Debug|Any CPU
		{FFAA88EC-AE9C-46E6-B2FB-60FB9C2A5840}.Release|Any CPU.ActiveCfg = Release|Any CPU
		{FFAA88EC-AE9C-46E6-B2FB-60FB9C2A5840}.Release|Any CPU.Build.0 = Release|Any CPU
		{4EBE4712-7983-4AAD-BECB-3738BB80D87D}.Debug|Any CPU.ActiveCfg = Debug|Any CPU
		{4EBE4712-7983-4AAD-BECB-3738BB80D87D}.Debug|Any CPU.Build.0 = Debug|Any CPU
		{4EBE4712-7983-4AAD-BECB-3738BB80D87D}.Release|Any CPU.ActiveCfg = Release|Any CPU
		{4EBE4712-7983-4AAD-BECB-3738BB80D87D}.Release|Any CPU.Build.0 = Release|Any CPU
		{51A86309-62AB-405B-83CB-2F1F41B43C0B}.Debug|Any CPU.ActiveCfg = Debug|Any CPU
		{51A86309-62AB-405B-83CB-2F1F41B43C0B}.Debug|Any CPU.Build.0 = Debug|Any CPU
		{51A86309-62AB-405B-83CB-2F1F41B43C0B}.Release|Any CPU.ActiveCfg = Release|Any CPU
		{51A86309-62AB-405B-83CB-2F1F41B43C0B}.Release|Any CPU.Build.0 = Release|Any CPU
		{DCBF4BD0-8B7E-47EF-A2CA-2E1A2BE485CC}.Debug|Any CPU.ActiveCfg = Debug|Any CPU
		{DCBF4BD0-8B7E-47EF-A2CA-2E1A2BE485CC}.Debug|Any CPU.Build.0 = Debug|Any CPU
		{DCBF4BD0-8B7E-47EF-A2CA-2E1A2BE485CC}.Release|Any CPU.ActiveCfg = Release|Any CPU
		{DCBF4BD0-8B7E-47EF-A2CA-2E1A2BE485CC}.Release|Any CPU.Build.0 = Release|Any CPU
		{AD4BCEF5-E64B-428D-846D-965A37B63F2C}.Debug|Any CPU.ActiveCfg = Debug|Any CPU
		{AD4BCEF5-E64B-428D-846D-965A37B63F2C}.Debug|Any CPU.Build.0 = Debug|Any CPU
		{AD4BCEF5-E64B-428D-846D-965A37B63F2C}.Release|Any CPU.ActiveCfg = Release|Any CPU
		{AD4BCEF5-E64B-428D-846D-965A37B63F2C}.Release|Any CPU.Build.0 = Release|Any CPU
		{A50D28F6-265A-425B-B015-85D3B347DDF4}.Debug|Any CPU.ActiveCfg = Debug|Any CPU
		{A50D28F6-265A-425B-B015-85D3B347DDF4}.Debug|Any CPU.Build.0 = Debug|Any CPU
		{A50D28F6-265A-425B-B015-85D3B347DDF4}.Release|Any CPU.ActiveCfg = Release|Any CPU
		{A50D28F6-265A-425B-B015-85D3B347DDF4}.Release|Any CPU.Build.0 = Release|Any CPU
		{53950B65-34B1-4AD5-98E6-90EFA59EC021}.Debug|Any CPU.ActiveCfg = Debug|Any CPU
		{53950B65-34B1-4AD5-98E6-90EFA59EC021}.Debug|Any CPU.Build.0 = Debug|Any CPU
		{53950B65-34B1-4AD5-98E6-90EFA59EC021}.Release|Any CPU.ActiveCfg = Release|Any CPU
		{53950B65-34B1-4AD5-98E6-90EFA59EC021}.Release|Any CPU.Build.0 = Release|Any CPU
		{817D150A-B835-44B4-BE24-431722FD0767}.Debug|Any CPU.ActiveCfg = Debug|Any CPU
		{817D150A-B835-44B4-BE24-431722FD0767}.Debug|Any CPU.Build.0 = Debug|Any CPU
		{817D150A-B835-44B4-BE24-431722FD0767}.Release|Any CPU.ActiveCfg = Release|Any CPU
		{817D150A-B835-44B4-BE24-431722FD0767}.Release|Any CPU.Build.0 = Release|Any CPU
		{38ED49B9-6BD6-406A-BF2A-DC1378D71DE5}.Debug|Any CPU.ActiveCfg = Debug|Any CPU
		{38ED49B9-6BD6-406A-BF2A-DC1378D71DE5}.Debug|Any CPU.Build.0 = Debug|Any CPU
		{38ED49B9-6BD6-406A-BF2A-DC1378D71DE5}.Release|Any CPU.ActiveCfg = Release|Any CPU
		{38ED49B9-6BD6-406A-BF2A-DC1378D71DE5}.Release|Any CPU.Build.0 = Release|Any CPU
		{6BEEDD71-3F03-4741-A6C4-8F7A012BA375}.Debug|Any CPU.ActiveCfg = Debug|Any CPU
		{6BEEDD71-3F03-4741-A6C4-8F7A012BA375}.Debug|Any CPU.Build.0 = Debug|Any CPU
		{6BEEDD71-3F03-4741-A6C4-8F7A012BA375}.Release|Any CPU.ActiveCfg = Release|Any CPU
		{6BEEDD71-3F03-4741-A6C4-8F7A012BA375}.Release|Any CPU.Build.0 = Release|Any CPU
		{E34DEB23-1375-4F18-9FB0-C09AE21D3875}.Debug|Any CPU.ActiveCfg = Debug|Any CPU
		{E34DEB23-1375-4F18-9FB0-C09AE21D3875}.Debug|Any CPU.Build.0 = Debug|Any CPU
		{E34DEB23-1375-4F18-9FB0-C09AE21D3875}.Release|Any CPU.ActiveCfg = Release|Any CPU
		{E34DEB23-1375-4F18-9FB0-C09AE21D3875}.Release|Any CPU.Build.0 = Release|Any CPU
		{37E25F9E-CE03-43D7-B9FA-CA033256E1A9}.Debug|Any CPU.ActiveCfg = Debug|Any CPU
		{37E25F9E-CE03-43D7-B9FA-CA033256E1A9}.Debug|Any CPU.Build.0 = Debug|Any CPU
		{37E25F9E-CE03-43D7-B9FA-CA033256E1A9}.Release|Any CPU.ActiveCfg = Release|Any CPU
		{37E25F9E-CE03-43D7-B9FA-CA033256E1A9}.Release|Any CPU.Build.0 = Release|Any CPU
		{C1D72930-F3A6-443E-816F-F1A2981213C0}.Debug|Any CPU.ActiveCfg = Debug|Any CPU
		{C1D72930-F3A6-443E-816F-F1A2981213C0}.Debug|Any CPU.Build.0 = Debug|Any CPU
		{C1D72930-F3A6-443E-816F-F1A2981213C0}.Release|Any CPU.ActiveCfg = Release|Any CPU
		{C1D72930-F3A6-443E-816F-F1A2981213C0}.Release|Any CPU.Build.0 = Release|Any CPU
		{08A747F4-0765-4C98-B814-D7329DC4750A}.Debug|Any CPU.ActiveCfg = Debug|Any CPU
		{08A747F4-0765-4C98-B814-D7329DC4750A}.Debug|Any CPU.Build.0 = Debug|Any CPU
		{08A747F4-0765-4C98-B814-D7329DC4750A}.Release|Any CPU.ActiveCfg = Release|Any CPU
		{08A747F4-0765-4C98-B814-D7329DC4750A}.Release|Any CPU.Build.0 = Release|Any CPU
		{493B6D64-AC24-483B-B95A-1BB529D1C3AD}.Debug|Any CPU.ActiveCfg = Debug|Any CPU
		{493B6D64-AC24-483B-B95A-1BB529D1C3AD}.Debug|Any CPU.Build.0 = Debug|Any CPU
		{493B6D64-AC24-483B-B95A-1BB529D1C3AD}.Release|Any CPU.ActiveCfg = Release|Any CPU
		{493B6D64-AC24-483B-B95A-1BB529D1C3AD}.Release|Any CPU.Build.0 = Release|Any CPU
		{5B26E007-88AA-4C28-B4E8-2C696141B82A}.Debug|Any CPU.ActiveCfg = Debug|Any CPU
		{5B26E007-88AA-4C28-B4E8-2C696141B82A}.Debug|Any CPU.Build.0 = Debug|Any CPU
		{5B26E007-88AA-4C28-B4E8-2C696141B82A}.Release|Any CPU.ActiveCfg = Release|Any CPU
		{5B26E007-88AA-4C28-B4E8-2C696141B82A}.Release|Any CPU.Build.0 = Release|Any CPU
		{98BA2360-0F86-4172-BBA4-0732DDB3BF97}.Debug|Any CPU.ActiveCfg = Debug|Any CPU
		{98BA2360-0F86-4172-BBA4-0732DDB3BF97}.Debug|Any CPU.Build.0 = Debug|Any CPU
		{98BA2360-0F86-4172-BBA4-0732DDB3BF97}.Release|Any CPU.ActiveCfg = Release|Any CPU
		{98BA2360-0F86-4172-BBA4-0732DDB3BF97}.Release|Any CPU.Build.0 = Release|Any CPU
		{C22A25D9-4C25-4B41-8BB2-15F90A3D3C33}.Debug|Any CPU.ActiveCfg = Debug|Any CPU
		{C22A25D9-4C25-4B41-8BB2-15F90A3D3C33}.Debug|Any CPU.Build.0 = Debug|Any CPU
		{C22A25D9-4C25-4B41-8BB2-15F90A3D3C33}.Release|Any CPU.ActiveCfg = Release|Any CPU
		{C22A25D9-4C25-4B41-8BB2-15F90A3D3C33}.Release|Any CPU.Build.0 = Release|Any CPU
		{A06DEB7B-C47B-4FC7-9C44-8A64B6EC4571}.Debug|Any CPU.ActiveCfg = Debug|Any CPU
		{A06DEB7B-C47B-4FC7-9C44-8A64B6EC4571}.Debug|Any CPU.Build.0 = Debug|Any CPU
		{A06DEB7B-C47B-4FC7-9C44-8A64B6EC4571}.Release|Any CPU.ActiveCfg = Release|Any CPU
		{A06DEB7B-C47B-4FC7-9C44-8A64B6EC4571}.Release|Any CPU.Build.0 = Release|Any CPU
		{020DAA9C-7BE2-4481-8640-A9D48318003A}.Debug|Any CPU.ActiveCfg = Debug|Any CPU
		{020DAA9C-7BE2-4481-8640-A9D48318003A}.Debug|Any CPU.Build.0 = Debug|Any CPU
		{020DAA9C-7BE2-4481-8640-A9D48318003A}.Release|Any CPU.ActiveCfg = Release|Any CPU
		{020DAA9C-7BE2-4481-8640-A9D48318003A}.Release|Any CPU.Build.0 = Release|Any CPU
		{68391129-BEEA-4F2E-B71A-853C82BA7509}.Debug|Any CPU.ActiveCfg = Debug|Any CPU
		{68391129-BEEA-4F2E-B71A-853C82BA7509}.Debug|Any CPU.Build.0 = Debug|Any CPU
		{68391129-BEEA-4F2E-B71A-853C82BA7509}.Release|Any CPU.ActiveCfg = Release|Any CPU
		{68391129-BEEA-4F2E-B71A-853C82BA7509}.Release|Any CPU.Build.0 = Release|Any CPU
		{81074D09-39DA-4B12-8CA9-63AD21CE8927}.Debug|Any CPU.ActiveCfg = Debug|Any CPU
		{81074D09-39DA-4B12-8CA9-63AD21CE8927}.Debug|Any CPU.Build.0 = Debug|Any CPU
		{81074D09-39DA-4B12-8CA9-63AD21CE8927}.Release|Any CPU.ActiveCfg = Release|Any CPU
		{81074D09-39DA-4B12-8CA9-63AD21CE8927}.Release|Any CPU.Build.0 = Release|Any CPU
	EndGlobalSection
	GlobalSection(SolutionProperties) = preSolution
		HideSolutionNode = FALSE
	EndGlobalSection
	GlobalSection(NestedProjects) = preSolution
		{5725EC7F-1F7E-4911-9074-963ACE05B875} = {7E64ADDD-9AE4-4D28-9484-47E055C804FA}
		{86968267-A975-4D3F-BE8F-0DCFE0E632EB} = {7E64ADDD-9AE4-4D28-9484-47E055C804FA}
		{DF4F9058-9659-426D-AD4F-D9F5B94138E6} = {86968267-A975-4D3F-BE8F-0DCFE0E632EB}
		{DC882DAB-75D8-4E11-BC8A-0F3D33B1BACC} = {DF4F9058-9659-426D-AD4F-D9F5B94138E6}
		{BC4FCFEB-D34E-48A8-B939-DBF9C27E2B45} = {86968267-A975-4D3F-BE8F-0DCFE0E632EB}
		{B461ABB5-22B6-4593-BBBF-A5F36777A708} = {DF4F9058-9659-426D-AD4F-D9F5B94138E6}
		{925DB771-74A2-4957-ACDD-DE4B7D4A1D70} = {86968267-A975-4D3F-BE8F-0DCFE0E632EB}
		{70EEB64F-1148-47CE-A5BA-878BD0DAD1A2} = {5725EC7F-1F7E-4911-9074-963ACE05B875}
		{1CD6237E-AF9A-4D4B-80B1-43E9C1388247} = {70EEB64F-1148-47CE-A5BA-878BD0DAD1A2}
		{B94A6695-AF7D-48EB-9F3C-7D2E5AA270DB} = {5725EC7F-1F7E-4911-9074-963ACE05B875}
		{2F36457D-6704-4756-8827-04D8ED7CB85A} = {5725EC7F-1F7E-4911-9074-963ACE05B875}
		{6E6C52C4-CEE2-4C5B-8290-C6BBA3F7E5DA} = {2F36457D-6704-4756-8827-04D8ED7CB85A}
		{61C78B5D-09D1-4530-B811-D153E7CDBEC9} = {7E64ADDD-9AE4-4D28-9484-47E055C804FA}
		{60EA7F66-F800-40EE-95F9-157D31EBE329} = {7E64ADDD-9AE4-4D28-9484-47E055C804FA}
		{58741A00-514A-4D76-A6EE-905189D2DCA9} = {7E64ADDD-9AE4-4D28-9484-47E055C804FA}
		{7E5CA627-E0E8-4E3C-800C-519D3FF3E6C3} = {7E64ADDD-9AE4-4D28-9484-47E055C804FA}
		{6DD5283E-6CD7-492F-A1C4-5FB752ABA100} = {86968267-A975-4D3F-BE8F-0DCFE0E632EB}
		{35C47EAA-D7D6-4566-97D4-7DE27AF490EB} = {DF4F9058-9659-426D-AD4F-D9F5B94138E6}
		{0B511202-ED15-42BB-8069-B627BA77A7CE} = {925DB771-74A2-4957-ACDD-DE4B7D4A1D70}
		{5DFFDFFA-BFF9-4661-BBA3-24004955CDFE} = {925DB771-74A2-4957-ACDD-DE4B7D4A1D70}
		{2F1882DA-E8F6-4C9C-AE90-877A3C5D4B7A} = {925DB771-74A2-4957-ACDD-DE4B7D4A1D70}
		{53B755D9-4046-40B1-9FE6-B0001F1C6732} = {BC4FCFEB-D34E-48A8-B939-DBF9C27E2B45}
		{B79802AC-C8B9-4777-8D64-3F1C8898615F} = {BC4FCFEB-D34E-48A8-B939-DBF9C27E2B45}
		{E43F66D9-1CCA-4469-A267-A4790BB11CB5} = {BC4FCFEB-D34E-48A8-B939-DBF9C27E2B45}
		{B6155C5D-3164-48A1-85D1-21A184A29DCD} = {B94A6695-AF7D-48EB-9F3C-7D2E5AA270DB}
		{FFAA88EC-AE9C-46E6-B2FB-60FB9C2A5840} = {B94A6695-AF7D-48EB-9F3C-7D2E5AA270DB}
		{4EBE4712-7983-4AAD-BECB-3738BB80D87D} = {B94A6695-AF7D-48EB-9F3C-7D2E5AA270DB}
		{1B60A4EB-FA5F-4F70-BC3E-D05382AB8226} = {61C78B5D-09D1-4530-B811-D153E7CDBEC9}
		{72061B69-BDAB-49DA-9438-5132C7B9F19D} = {61C78B5D-09D1-4530-B811-D153E7CDBEC9}
		{42955032-F647-4835-8980-7B458125B35A} = {61C78B5D-09D1-4530-B811-D153E7CDBEC9}
		{E21D9627-E7C2-4CEC-A20F-1FC447CA79CA} = {61C78B5D-09D1-4530-B811-D153E7CDBEC9}
		{51A86309-62AB-405B-83CB-2F1F41B43C0B} = {1B60A4EB-FA5F-4F70-BC3E-D05382AB8226}
		{DCBF4BD0-8B7E-47EF-A2CA-2E1A2BE485CC} = {1B60A4EB-FA5F-4F70-BC3E-D05382AB8226}
		{AD4BCEF5-E64B-428D-846D-965A37B63F2C} = {1B60A4EB-FA5F-4F70-BC3E-D05382AB8226}
		{A50D28F6-265A-425B-B015-85D3B347DDF4} = {42955032-F647-4835-8980-7B458125B35A}
		{EF16AED3-5AB8-48D3-A87D-B4FB9E14411F} = {7E5CA627-E0E8-4E3C-800C-519D3FF3E6C3}
		{53950B65-34B1-4AD5-98E6-90EFA59EC021} = {EF16AED3-5AB8-48D3-A87D-B4FB9E14411F}
		{817D150A-B835-44B4-BE24-431722FD0767} = {42955032-F647-4835-8980-7B458125B35A}
		{38ED49B9-6BD6-406A-BF2A-DC1378D71DE5} = {42955032-F647-4835-8980-7B458125B35A}
		{798281C3-736A-4E0C-980E-867D701EF2D7} = {72061B69-BDAB-49DA-9438-5132C7B9F19D}
		{CAA15C8E-66C4-43CD-94AA-DF62D735CBA7} = {72061B69-BDAB-49DA-9438-5132C7B9F19D}
		{6BEEDD71-3F03-4741-A6C4-8F7A012BA375} = {798281C3-736A-4E0C-980E-867D701EF2D7}
		{E34DEB23-1375-4F18-9FB0-C09AE21D3875} = {798281C3-736A-4E0C-980E-867D701EF2D7}
		{37E25F9E-CE03-43D7-B9FA-CA033256E1A9} = {798281C3-736A-4E0C-980E-867D701EF2D7}
		{C1D72930-F3A6-443E-816F-F1A2981213C0} = {CAA15C8E-66C4-43CD-94AA-DF62D735CBA7}
		{08A747F4-0765-4C98-B814-D7329DC4750A} = {CAA15C8E-66C4-43CD-94AA-DF62D735CBA7}
		{493B6D64-AC24-483B-B95A-1BB529D1C3AD} = {CAA15C8E-66C4-43CD-94AA-DF62D735CBA7}
		{F3A5BEEA-E025-4480-9568-43A5DB8B7D29} = {58741A00-514A-4D76-A6EE-905189D2DCA9}
		{5B26E007-88AA-4C28-B4E8-2C696141B82A} = {F3A5BEEA-E025-4480-9568-43A5DB8B7D29}
		{23A94266-5043-45B1-B57C-6CFDAA2AE129} = {7E5CA627-E0E8-4E3C-800C-519D3FF3E6C3}
		{98BA2360-0F86-4172-BBA4-0732DDB3BF97} = {23A94266-5043-45B1-B57C-6CFDAA2AE129}
		{96C753CD-E7FC-48F1-8EC0-00402C2F14A1} = {72061B69-BDAB-49DA-9438-5132C7B9F19D}
		{C22A25D9-4C25-4B41-8BB2-15F90A3D3C33} = {96C753CD-E7FC-48F1-8EC0-00402C2F14A1}
		{A06DEB7B-C47B-4FC7-9C44-8A64B6EC4571} = {B94A6695-AF7D-48EB-9F3C-7D2E5AA270DB}
		{020DAA9C-7BE2-4481-8640-A9D48318003A} = {E21D9627-E7C2-4CEC-A20F-1FC447CA79CA}
		{82E9843F-88E8-4218-BC8F-2A4B936E58EC} = {5725EC7F-1F7E-4911-9074-963ACE05B875}
		{68391129-BEEA-4F2E-B71A-853C82BA7509} = {82E9843F-88E8-4218-BC8F-2A4B936E58EC}
		{81074D09-39DA-4B12-8CA9-63AD21CE8927} = {1B60A4EB-FA5F-4F70-BC3E-D05382AB8226}
	EndGlobalSection
	GlobalSection(ExtensibilityGlobals) = postSolution
		SolutionGuid = {7C284C25-0FA2-46C0-88FF-E66A0106B834}
	EndGlobalSection
EndGlobal
